// !$*UTF8*$!
{
	archiveVersion = 1;
	classes = {
	};
	objectVersion = 50;
	objects = {

/* Begin PBXBuildFile section */
		1400610125B0781800A77DEE /* HomeViewController.swift in Sources */ = {isa = PBXBuildFile; fileRef = 1400610025B0781800A77DEE /* HomeViewController.swift */; };
		1431057A256FE6FE0054CA72 /* AppDelegate.swift in Sources */ = {isa = PBXBuildFile; fileRef = 14310579256FE6FE0054CA72 /* AppDelegate.swift */; };
		1431057C256FE6FE0054CA72 /* SceneDelegate.swift in Sources */ = {isa = PBXBuildFile; fileRef = 1431057B256FE6FE0054CA72 /* SceneDelegate.swift */; };
		1431057E256FE6FE0054CA72 /* ViewController.swift in Sources */ = {isa = PBXBuildFile; fileRef = 1431057D256FE6FE0054CA72 /* ViewController.swift */; };
		14310581256FE6FE0054CA72 /* Main.storyboard in Resources */ = {isa = PBXBuildFile; fileRef = 1431057F256FE6FE0054CA72 /* Main.storyboard */; };
		14310583256FE6FE0054CA72 /* Assets.xcassets in Resources */ = {isa = PBXBuildFile; fileRef = 14310582256FE6FE0054CA72 /* Assets.xcassets */; };
		14310586256FE6FE0054CA72 /* LaunchScreen.storyboard in Resources */ = {isa = PBXBuildFile; fileRef = 14310584256FE6FE0054CA72 /* LaunchScreen.storyboard */; };
		1431058F256FF87B0054CA72 /* Images.swift in Sources */ = {isa = PBXBuildFile; fileRef = 1431058E256FF87B0054CA72 /* Images.swift */; };
		143105952572A1190054CA72 /* CollectionViewCell.swift in Sources */ = {isa = PBXBuildFile; fileRef = 143105942572A1190054CA72 /* CollectionViewCell.swift */; };
		1431059825739A5A0054CA72 /* CollectionReusableView.swift in Sources */ = {isa = PBXBuildFile; fileRef = 1431059725739A5A0054CA72 /* CollectionReusableView.swift */; };
		1431059B2573A7F40054CA72 /* LoadImage.swift in Sources */ = {isa = PBXBuildFile; fileRef = 1431059A2573A7F40054CA72 /* LoadImage.swift */; };
		143105A02574D4B70054CA72 /* DataManager.swift in Sources */ = {isa = PBXBuildFile; fileRef = 1431059F2574D4B70054CA72 /* DataManager.swift */; };
		143B7DF325B98D1D00CE5BCA /* CoreDataModel.xcdatamodeld in Sources */ = {isa = PBXBuildFile; fileRef = 143B7DF125B98D1D00CE5BCA /* CoreDataModel.xcdatamodeld */; };
		1441568225BDCD13009C11D4 /* FavoritesModel.swift in Sources */ = {isa = PBXBuildFile; fileRef = 1441568125BDCD13009C11D4 /* FavoritesModel.swift */; };
		1456CD5F2575274E008441DC /* DetailsViewController.swift in Sources */ = {isa = PBXBuildFile; fileRef = 1456CD5E2575274E008441DC /* DetailsViewController.swift */; };
		1472FD25258CD4C20036F3E1 /* LoginViewController.swift in Sources */ = {isa = PBXBuildFile; fileRef = 1472FD24258CD4C20036F3E1 /* LoginViewController.swift */; };
		14AB5A5E25B6F5FE00795555 /* FavoritesCollectionViewCell.swift in Sources */ = {isa = PBXBuildFile; fileRef = 14AB5A5D25B6F5FE00795555 /* FavoritesCollectionViewCell.swift */; };
/* End PBXBuildFile section */

/* Begin PBXFileReference section */
		1400610025B0781800A77DEE /* HomeViewController.swift */ = {isa = PBXFileReference; lastKnownFileType = sourcecode.swift; path = HomeViewController.swift; sourceTree = "<group>"; };
		14310576256FE6FE0054CA72 /* diffableimagesearch.app */ = {isa = PBXFileReference; explicitFileType = wrapper.application; includeInIndex = 0; path = diffableimagesearch.app; sourceTree = BUILT_PRODUCTS_DIR; };
		14310579256FE6FE0054CA72 /* AppDelegate.swift */ = {isa = PBXFileReference; lastKnownFileType = sourcecode.swift; path = AppDelegate.swift; sourceTree = "<group>"; };
		1431057B256FE6FE0054CA72 /* SceneDelegate.swift */ = {isa = PBXFileReference; lastKnownFileType = sourcecode.swift; path = SceneDelegate.swift; sourceTree = "<group>"; };
		1431057D256FE6FE0054CA72 /* ViewController.swift */ = {isa = PBXFileReference; lastKnownFileType = sourcecode.swift; path = ViewController.swift; sourceTree = "<group>"; };
		14310580256FE6FE0054CA72 /* Base */ = {isa = PBXFileReference; lastKnownFileType = file.storyboard; name = Base; path = Base.lproj/Main.storyboard; sourceTree = "<group>"; };
		14310582256FE6FE0054CA72 /* Assets.xcassets */ = {isa = PBXFileReference; lastKnownFileType = folder.assetcatalog; path = Assets.xcassets; sourceTree = "<group>"; };
		14310585256FE6FE0054CA72 /* Base */ = {isa = PBXFileReference; lastKnownFileType = file.storyboard; name = Base; path = Base.lproj/LaunchScreen.storyboard; sourceTree = "<group>"; };
		14310587256FE6FE0054CA72 /* Info.plist */ = {isa = PBXFileReference; lastKnownFileType = text.plist.xml; path = Info.plist; sourceTree = "<group>"; };
		1431058E256FF87B0054CA72 /* Images.swift */ = {isa = PBXFileReference; lastKnownFileType = sourcecode.swift; path = Images.swift; sourceTree = "<group>"; };
		143105942572A1190054CA72 /* CollectionViewCell.swift */ = {isa = PBXFileReference; lastKnownFileType = sourcecode.swift; path = CollectionViewCell.swift; sourceTree = "<group>"; };
		1431059725739A5A0054CA72 /* CollectionReusableView.swift */ = {isa = PBXFileReference; lastKnownFileType = sourcecode.swift; path = CollectionReusableView.swift; sourceTree = "<group>"; };
		1431059A2573A7F40054CA72 /* LoadImage.swift */ = {isa = PBXFileReference; lastKnownFileType = sourcecode.swift; path = LoadImage.swift; sourceTree = "<group>"; };
		1431059F2574D4B70054CA72 /* DataManager.swift */ = {isa = PBXFileReference; lastKnownFileType = sourcecode.swift; path = DataManager.swift; sourceTree = "<group>"; };
		143B7DF225B98D1D00CE5BCA /* CoreDataModel.xcdatamodel */ = {isa = PBXFileReference; lastKnownFileType = wrapper.xcdatamodel; path = CoreDataModel.xcdatamodel; sourceTree = "<group>"; };
		1441568125BDCD13009C11D4 /* FavoritesModel.swift */ = {isa = PBXFileReference; lastKnownFileType = sourcecode.swift; path = FavoritesModel.swift; sourceTree = "<group>"; };
		1456CD5E2575274E008441DC /* DetailsViewController.swift */ = {isa = PBXFileReference; lastKnownFileType = sourcecode.swift; path = DetailsViewController.swift; sourceTree = "<group>"; };
		1472FD24258CD4C20036F3E1 /* LoginViewController.swift */ = {isa = PBXFileReference; lastKnownFileType = sourcecode.swift; path = LoginViewController.swift; sourceTree = "<group>"; };
		14AB5A5D25B6F5FE00795555 /* FavoritesCollectionViewCell.swift */ = {isa = PBXFileReference; lastKnownFileType = sourcecode.swift; path = FavoritesCollectionViewCell.swift; sourceTree = "<group>"; };
/* End PBXFileReference section */

/* Begin PBXFrameworksBuildPhase section */
		14310573256FE6FE0054CA72 /* Frameworks */ = {
			isa = PBXFrameworksBuildPhase;
			buildActionMask = 2147483647;
			files = (
			);
			runOnlyForDeploymentPostprocessing = 0;
		};
/* End PBXFrameworksBuildPhase section */

/* Begin PBXGroup section */
		1431056D256FE6FE0054CA72 = {
			isa = PBXGroup;
			children = (
				14310578256FE6FE0054CA72 /* diffableimagesearch */,
				14310577256FE6FE0054CA72 /* Products */,
			);
			sourceTree = "<group>";
		};
		14310577256FE6FE0054CA72 /* Products */ = {
			isa = PBXGroup;
			children = (
				14310576256FE6FE0054CA72 /* diffableimagesearch.app */,
			);
			name = Products;
			sourceTree = "<group>";
		};
		14310578256FE6FE0054CA72 /* diffableimagesearch */ = {
			isa = PBXGroup;
			children = (
				14310579256FE6FE0054CA72 /* AppDelegate.swift */,
				1431057B256FE6FE0054CA72 /* SceneDelegate.swift */,
				1431057D256FE6FE0054CA72 /* ViewController.swift */,
				1472FD24258CD4C20036F3E1 /* LoginViewController.swift */,
				1456CD5E2575274E008441DC /* DetailsViewController.swift */,
				143B7DF125B98D1D00CE5BCA /* CoreDataModel.xcdatamodeld */,
				1431059F2574D4B70054CA72 /* DataManager.swift */,
				1431059A2573A7F40054CA72 /* LoadImage.swift */,
				1431059725739A5A0054CA72 /* CollectionReusableView.swift */,
				143105942572A1190054CA72 /* CollectionViewCell.swift */,
				1431058E256FF87B0054CA72 /* Images.swift */,
				1431057F256FE6FE0054CA72 /* Main.storyboard */,
				1400610025B0781800A77DEE /* HomeViewController.swift */,
				1441568125BDCD13009C11D4 /* FavoritesModel.swift */,
				14AB5A5D25B6F5FE00795555 /* FavoritesCollectionViewCell.swift */,
				14310582256FE6FE0054CA72 /* Assets.xcassets */,
				14310584256FE6FE0054CA72 /* LaunchScreen.storyboard */,
				14310587256FE6FE0054CA72 /* Info.plist */,
			);
			path = diffableimagesearch;
			sourceTree = "<group>";
		};
/* End PBXGroup section */

/* Begin PBXNativeTarget section */
		14310575256FE6FE0054CA72 /* diffableimagesearch */ = {
			isa = PBXNativeTarget;
			buildConfigurationList = 1431058A256FE6FE0054CA72 /* Build configuration list for PBXNativeTarget "diffableimagesearch" */;
			buildPhases = (
				14310572256FE6FE0054CA72 /* Sources */,
				14310573256FE6FE0054CA72 /* Frameworks */,
				14310574256FE6FE0054CA72 /* Resources */,
			);
			buildRules = (
			);
			dependencies = (
			);
			name = diffableimagesearch;
			productName = diffableimagesearch;
			productReference = 14310576256FE6FE0054CA72 /* diffableimagesearch.app */;
			productType = "com.apple.product-type.application";
		};
/* End PBXNativeTarget section */

/* Begin PBXProject section */
		1431056E256FE6FE0054CA72 /* Project object */ = {
			isa = PBXProject;
			attributes = {
				LastSwiftUpdateCheck = 1220;
				LastUpgradeCheck = 1230;
				TargetAttributes = {
					14310575256FE6FE0054CA72 = {
						CreatedOnToolsVersion = 12.2;
					};
				};
			};
			buildConfigurationList = 14310571256FE6FE0054CA72 /* Build configuration list for PBXProject "diffableimagesearch" */;
			compatibilityVersion = "Xcode 9.3";
			developmentRegion = en;
			hasScannedForEncodings = 0;
			knownRegions = (
				en,
				Base,
			);
			mainGroup = 1431056D256FE6FE0054CA72;
			productRefGroup = 14310577256FE6FE0054CA72 /* Products */;
			projectDirPath = "";
			projectRoot = "";
			targets = (
				14310575256FE6FE0054CA72 /* diffableimagesearch */,
			);
		};
/* End PBXProject section */

/* Begin PBXResourcesBuildPhase section */
		14310574256FE6FE0054CA72 /* Resources */ = {
			isa = PBXResourcesBuildPhase;
			buildActionMask = 2147483647;
			files = (
				14310586256FE6FE0054CA72 /* LaunchScreen.storyboard in Resources */,
				14310583256FE6FE0054CA72 /* Assets.xcassets in Resources */,
				14310581256FE6FE0054CA72 /* Main.storyboard in Resources */,
			);
			runOnlyForDeploymentPostprocessing = 0;
		};
/* End PBXResourcesBuildPhase section */

/* Begin PBXSourcesBuildPhase section */
		14310572256FE6FE0054CA72 /* Sources */ = {
			isa = PBXSourcesBuildPhase;
			buildActionMask = 2147483647;
			files = (
				1431059825739A5A0054CA72 /* CollectionReusableView.swift in Sources */,
				143105A02574D4B70054CA72 /* DataManager.swift in Sources */,
				14AB5A5E25B6F5FE00795555 /* FavoritesCollectionViewCell.swift in Sources */,
				143B7DF325B98D1D00CE5BCA /* CoreDataModel.xcdatamodeld in Sources */,
				1456CD5F2575274E008441DC /* DetailsViewController.swift in Sources */,
				1431057E256FE6FE0054CA72 /* ViewController.swift in Sources */,
				143105952572A1190054CA72 /* CollectionViewCell.swift in Sources */,
				1431058F256FF87B0054CA72 /* Images.swift in Sources */,
				1431059B2573A7F40054CA72 /* LoadImage.swift in Sources */,
				1400610125B0781800A77DEE /* HomeViewController.swift in Sources */,
				1431057A256FE6FE0054CA72 /* AppDelegate.swift in Sources */,
				1472FD25258CD4C20036F3E1 /* LoginViewController.swift in Sources */,
				1431057C256FE6FE0054CA72 /* SceneDelegate.swift in Sources */,
				1441568225BDCD13009C11D4 /* FavoritesModel.swift in Sources */,
			);
			runOnlyForDeploymentPostprocessing = 0;
		};
/* End PBXSourcesBuildPhase section */

/* Begin PBXVariantGroup section */
		1431057F256FE6FE0054CA72 /* Main.storyboard */ = {
			isa = PBXVariantGroup;
			children = (
				14310580256FE6FE0054CA72 /* Base */,
			);
			name = Main.storyboard;
			sourceTree = "<group>";
		};
		14310584256FE6FE0054CA72 /* LaunchScreen.storyboard */ = {
			isa = PBXVariantGroup;
			children = (
				14310585256FE6FE0054CA72 /* Base */,
			);
			name = LaunchScreen.storyboard;
			sourceTree = "<group>";
		};
/* End PBXVariantGroup section */

/* Begin XCBuildConfiguration section */
		14310588256FE6FE0054CA72 /* Debug */ = {
			isa = XCBuildConfiguration;
			buildSettings = {
				ALWAYS_SEARCH_USER_PATHS = NO;
				CLANG_ANALYZER_NONNULL = YES;
				CLANG_ANALYZER_NUMBER_OBJECT_CONVERSION = YES_AGGRESSIVE;
				CLANG_CXX_LANGUAGE_STANDARD = "gnu++14";
				CLANG_CXX_LIBRARY = "libc++";
				CLANG_ENABLE_MODULES = YES;
				CLANG_ENABLE_OBJC_ARC = YES;
				CLANG_ENABLE_OBJC_WEAK = YES;
				CLANG_WARN_BLOCK_CAPTURE_AUTORELEASING = YES;
				CLANG_WARN_BOOL_CONVERSION = YES;
				CLANG_WARN_COMMA = YES;
				CLANG_WARN_CONSTANT_CONVERSION = YES;
				CLANG_WARN_DEPRECATED_OBJC_IMPLEMENTATIONS = YES;
				CLANG_WARN_DIRECT_OBJC_ISA_USAGE = YES_ERROR;
				CLANG_WARN_DOCUMENTATION_COMMENTS = YES;
				CLANG_WARN_EMPTY_BODY = YES;
				CLANG_WARN_ENUM_CONVERSION = YES;
				CLANG_WARN_INFINITE_RECURSION = YES;
				CLANG_WARN_INT_CONVERSION = YES;
				CLANG_WARN_NON_LITERAL_NULL_CONVERSION = YES;
				CLANG_WARN_OBJC_IMPLICIT_RETAIN_SELF = YES;
				CLANG_WARN_OBJC_LITERAL_CONVERSION = YES;
				CLANG_WARN_OBJC_ROOT_CLASS = YES_ERROR;
				CLANG_WARN_QUOTED_INCLUDE_IN_FRAMEWORK_HEADER = YES;
				CLANG_WARN_RANGE_LOOP_ANALYSIS = YES;
				CLANG_WARN_STRICT_PROTOTYPES = YES;
				CLANG_WARN_SUSPICIOUS_MOVE = YES;
				CLANG_WARN_UNGUARDED_AVAILABILITY = YES_AGGRESSIVE;
				CLANG_WARN_UNREACHABLE_CODE = YES;
				CLANG_WARN__DUPLICATE_METHOD_MATCH = YES;
				COPY_PHASE_STRIP = NO;
				DEBUG_INFORMATION_FORMAT = dwarf;
				ENABLE_STRICT_OBJC_MSGSEND = YES;
				ENABLE_TESTABILITY = YES;
				GCC_C_LANGUAGE_STANDARD = gnu11;
				GCC_DYNAMIC_NO_PIC = NO;
				GCC_NO_COMMON_BLOCKS = YES;
				GCC_OPTIMIZATION_LEVEL = 0;
				GCC_PREPROCESSOR_DEFINITIONS = (
					"DEBUG=1",
					"$(inherited)",
				);
				GCC_WARN_64_TO_32_BIT_CONVERSION = YES;
				GCC_WARN_ABOUT_RETURN_TYPE = YES_ERROR;
				GCC_WARN_UNDECLARED_SELECTOR = YES;
				GCC_WARN_UNINITIALIZED_AUTOS = YES_AGGRESSIVE;
				GCC_WARN_UNUSED_FUNCTION = YES;
				GCC_WARN_UNUSED_VARIABLE = YES;
				IPHONEOS_DEPLOYMENT_TARGET = 12.0;
				MTL_ENABLE_DEBUG_INFO = INCLUDE_SOURCE;
				MTL_FAST_MATH = YES;
				ONLY_ACTIVE_ARCH = YES;
				SDKROOT = iphoneos;
				SWIFT_ACTIVE_COMPILATION_CONDITIONS = DEBUG;
				SWIFT_OPTIMIZATION_LEVEL = "-Onone";
			};
			name = Debug;
		};
		14310589256FE6FE0054CA72 /* Release */ = {
			isa = XCBuildConfiguration;
			buildSettings = {
				ALWAYS_SEARCH_USER_PATHS = NO;
				CLANG_ANALYZER_NONNULL = YES;
				CLANG_ANALYZER_NUMBER_OBJECT_CONVERSION = YES_AGGRESSIVE;
				CLANG_CXX_LANGUAGE_STANDARD = "gnu++14";
				CLANG_CXX_LIBRARY = "libc++";
				CLANG_ENABLE_MODULES = YES;
				CLANG_ENABLE_OBJC_ARC = YES;
				CLANG_ENABLE_OBJC_WEAK = YES;
				CLANG_WARN_BLOCK_CAPTURE_AUTORELEASING = YES;
				CLANG_WARN_BOOL_CONVERSION = YES;
				CLANG_WARN_COMMA = YES;
				CLANG_WARN_CONSTANT_CONVERSION = YES;
				CLANG_WARN_DEPRECATED_OBJC_IMPLEMENTATIONS = YES;
				CLANG_WARN_DIRECT_OBJC_ISA_USAGE = YES_ERROR;
				CLANG_WARN_DOCUMENTATION_COMMENTS = YES;
				CLANG_WARN_EMPTY_BODY = YES;
				CLANG_WARN_ENUM_CONVERSION = YES;
				CLANG_WARN_INFINITE_RECURSION = YES;
				CLANG_WARN_INT_CONVERSION = YES;
				CLANG_WARN_NON_LITERAL_NULL_CONVERSION = YES;
				CLANG_WARN_OBJC_IMPLICIT_RETAIN_SELF = YES;
				CLANG_WARN_OBJC_LITERAL_CONVERSION = YES;
				CLANG_WARN_OBJC_ROOT_CLASS = YES_ERROR;
				CLANG_WARN_QUOTED_INCLUDE_IN_FRAMEWORK_HEADER = YES;
				CLANG_WARN_RANGE_LOOP_ANALYSIS = YES;
				CLANG_WARN_STRICT_PROTOTYPES = YES;
				CLANG_WARN_SUSPICIOUS_MOVE = YES;
				CLANG_WARN_UNGUARDED_AVAILABILITY = YES_AGGRESSIVE;
				CLANG_WARN_UNREACHABLE_CODE = YES;
				CLANG_WARN__DUPLICATE_METHOD_MATCH = YES;
				COPY_PHASE_STRIP = NO;
				DEBUG_INFORMATION_FORMAT = "dwarf-with-dsym";
				ENABLE_NS_ASSERTIONS = NO;
				ENABLE_STRICT_OBJC_MSGSEND = YES;
				GCC_C_LANGUAGE_STANDARD = gnu11;
				GCC_NO_COMMON_BLOCKS = YES;
				GCC_WARN_64_TO_32_BIT_CONVERSION = YES;
				GCC_WARN_ABOUT_RETURN_TYPE = YES_ERROR;
				GCC_WARN_UNDECLARED_SELECTOR = YES;
				GCC_WARN_UNINITIALIZED_AUTOS = YES_AGGRESSIVE;
				GCC_WARN_UNUSED_FUNCTION = YES;
				GCC_WARN_UNUSED_VARIABLE = YES;
				IPHONEOS_DEPLOYMENT_TARGET = 12.0;
				MTL_ENABLE_DEBUG_INFO = NO;
				MTL_FAST_MATH = YES;
				SDKROOT = iphoneos;
				SWIFT_COMPILATION_MODE = wholemodule;
				SWIFT_OPTIMIZATION_LEVEL = "-O";
				VALIDATE_PRODUCT = YES;
			};
			name = Release;
		};
		1431058B256FE6FE0054CA72 /* Debug */ = {
			isa = XCBuildConfiguration;
			buildSettings = {
				ASSETCATALOG_COMPILER_APPICON_NAME = AppIcon;
				ASSETCATALOG_COMPILER_GLOBAL_ACCENT_COLOR_NAME = AccentColor;
				CODE_SIGN_STYLE = Automatic;
				DEVELOPMENT_TEAM = TP4YA6Q6DH;
				INFOPLIST_FILE = diffableimagesearch/Info.plist;
				IPHONEOS_DEPLOYMENT_TARGET = 14.2;
				LD_RUNPATH_SEARCH_PATHS = (
					"$(inherited)",
					"@executable_path/Frameworks",
				);
				PRODUCT_BUNDLE_IDENTIFIER = joakimhellgren.diffableimagesearch;
				PRODUCT_NAME = "$(TARGET_NAME)";
				SWIFT_VERSION = 5.0;
				TARGETED_DEVICE_FAMILY = 1;
			};
			name = Debug;
		};
		1431058C256FE6FE0054CA72 /* Release */ = {
			isa = XCBuildConfiguration;
			buildSettings = {
				ASSETCATALOG_COMPILER_APPICON_NAME = AppIcon;
				ASSETCATALOG_COMPILER_GLOBAL_ACCENT_COLOR_NAME = AccentColor;
				CODE_SIGN_STYLE = Automatic;
				DEVELOPMENT_TEAM = TP4YA6Q6DH;
				INFOPLIST_FILE = diffableimagesearch/Info.plist;
				IPHONEOS_DEPLOYMENT_TARGET = 14.2;
				LD_RUNPATH_SEARCH_PATHS = (
					"$(inherited)",
					"@executable_path/Frameworks",
				);
				PRODUCT_BUNDLE_IDENTIFIER = joakimhellgren.diffableimagesearch;
				PRODUCT_NAME = "$(TARGET_NAME)";
				SWIFT_VERSION = 5.0;
				TARGETED_DEVICE_FAMILY = 1;
			};
			name = Release;
		};
/* End XCBuildConfiguration section */

/* Begin XCConfigurationList section */
		14310571256FE6FE0054CA72 /* Build configuration list for PBXProject "diffableimagesearch" */ = {
			isa = XCConfigurationList;
			buildConfigurations = (
				14310588256FE6FE0054CA72 /* Debug */,
				14310589256FE6FE0054CA72 /* Release */,
			);
			defaultConfigurationIsVisible = 0;
			defaultConfigurationName = Release;
		};
		1431058A256FE6FE0054CA72 /* Build configuration list for PBXNativeTarget "diffableimagesearch" */ = {
			isa = XCConfigurationList;
			buildConfigurations = (
				1431058B256FE6FE0054CA72 /* Debug */,
				1431058C256FE6FE0054CA72 /* Release */,
			);
			defaultConfigurationIsVisible = 0;
			defaultConfigurationName = Release;
		};
/* End XCConfigurationList section */

/* Begin XCVersionGroup section */
		143B7DF125B98D1D00CE5BCA /* CoreDataModel.xcdatamodeld */ = {
			isa = XCVersionGroup;
			children = (
				143B7DF225B98D1D00CE5BCA /* CoreDataModel.xcdatamodel */,
			);
			currentVersion = 143B7DF225B98D1D00CE5BCA /* CoreDataModel.xcdatamodel */;
			path = CoreDataModel.xcdatamodeld;
			sourceTree = "<group>";
			versionGroupType = wrapper.xcdatamodel;
		};
/* End XCVersionGroup section */
	};
	rootObject = 1431056E256FE6FE0054CA72 /* Project object */;
}
